
Microsoft Visual Studio Solution File, Format Version 12.00
# Visual Studio Version 17
VisualStudioVersion = 17.1.32328.378
MinimumVisualStudioVersion = 10.0.40219.1
Project("{FAE04EC0-301F-11D3-BF4B-00C04F79EFBC}") = "ShopLav", "ShopLav.csproj", "{248061FD-D1B9-4177-9C9C-15DD3DC8D78F}"
EndProject
Global
	GlobalSection(SolutionConfigurationPlatforms) = preSolution
		Debug|Any CPU = Debug|Any CPU
		Release|Any CPU = Release|Any CPU
	EndGlobalSection
	GlobalSection(ProjectConfigurationPlatforms) = postSolution
		{248061FD-D1B9-4177-9C9C-15DD3DC8D78F}.Debug|Any CPU.ActiveCfg = Debug|Any CPU
		{248061FD-D1B9-4177-9C9C-15DD3DC8D78F}.Debug|Any CPU.Build.0 = Debug|Any CPU
		{248061FD-D1B9-4177-9C9C-15DD3DC8D78F}.Release|Any CPU.ActiveCfg = Release|Any CPU
		{248061FD-D1B9-4177-9C9C-15DD3DC8D78F}.Release|Any CPU.Build.0 = Release|Any CPU
	EndGlobalSection
	GlobalSection(SolutionProperties) = preSolution
		HideSolutionNode = FALSE
	EndGlobalSection
	GlobalSection(ExtensibilityGlobals) = postSolution
		SolutionGuid = {CF75DEEC-0420-4584-A0BE-AF3E8678D50D}
	EndGlobalSection
EndGlobal
